
Microsoft Visual Studio Solution File, Format Version 12.00
# Visual Studio Version 16
VisualStudioVersion = 16.0.29503.13
MinimumVisualStudioVersion = 10.0.40219.1
Project("{9A19103F-16F7-4668-BE54-9A1E7A4F7556}") = "Entities", "Entities\Entities.csproj", "{95364C33-DB2B-47B8-ACDA-9AF69F94DD02}"
EndProject
Project("{9A19103F-16F7-4668-BE54-9A1E7A4F7556}") = "Website", "Website\Website.csproj", "{61B066EB-BE05-4079-B3B9-8F1B5A248337}"
EndProject
Project("{9A19103F-16F7-4668-BE54-9A1E7A4F7556}") = "Model", "Model\Model.csproj", "{5F7F8CBE-41B1-495D-9FB6-B48E8657C6B8}"
EndProject
Project("{9A19103F-16F7-4668-BE54-9A1E7A4F7556}") = "Common", "Common\Common.csproj", "{7EA15EDF-8B8F-4076-84EB-DB82D9FD5F14}"
EndProject
Project("{9A19103F-16F7-4668-BE54-9A1E7A4F7556}") = "Business", "Business\Business.csproj", "{A89EBD6D-38BD-46E7-9A10-2056471C7221}"
EndProject
Global
	GlobalSection(SolutionConfigurationPlatforms) = preSolution
		Debug|Any CPU = Debug|Any CPU
		Release|Any CPU = Release|Any CPU
	EndGlobalSection
	GlobalSection(ProjectConfigurationPlatforms) = postSolution
		{95364C33-DB2B-47B8-ACDA-9AF69F94DD02}.Debug|Any CPU.ActiveCfg = Debug|Any CPU
		{95364C33-DB2B-47B8-ACDA-9AF69F94DD02}.Debug|Any CPU.Build.0 = Debug|Any CPU
		{95364C33-DB2B-47B8-ACDA-9AF69F94DD02}.Release|Any CPU.ActiveCfg = Release|Any CPU
		{95364C33-DB2B-47B8-ACDA-9AF69F94DD02}.Release|Any CPU.Build.0 = Release|Any CPU
		{61B066EB-BE05-4079-B3B9-8F1B5A248337}.Debug|Any CPU.ActiveCfg = Debug|Any CPU
		{61B066EB-BE05-4079-B3B9-8F1B5A248337}.Debug|Any CPU.Build.0 = Debug|Any CPU
		{61B066EB-BE05-4079-B3B9-8F1B5A248337}.Release|Any CPU.ActiveCfg = Release|Any CPU
		{61B066EB-BE05-4079-B3B9-8F1B5A248337}.Release|Any CPU.Build.0 = Release|Any CPU
		{5F7F8CBE-41B1-495D-9FB6-B48E8657C6B8}.Debug|Any CPU.ActiveCfg = Debug|Any CPU
		{5F7F8CBE-41B1-495D-9FB6-B48E8657C6B8}.Debug|Any CPU.Build.0 = Debug|Any CPU
		{5F7F8CBE-41B1-495D-9FB6-B48E8657C6B8}.Release|Any CPU.ActiveCfg = Release|Any CPU
		{5F7F8CBE-41B1-495D-9FB6-B48E8657C6B8}.Release|Any CPU.Build.0 = Release|Any CPU
		{7EA15EDF-8B8F-4076-84EB-DB82D9FD5F14}.Debug|Any CPU.ActiveCfg = Debug|Any CPU
		{7EA15EDF-8B8F-4076-84EB-DB82D9FD5F14}.Debug|Any CPU.Build.0 = Debug|Any CPU
		{7EA15EDF-8B8F-4076-84EB-DB82D9FD5F14}.Release|Any CPU.ActiveCfg = Release|Any CPU
		{7EA15EDF-8B8F-4076-84EB-DB82D9FD5F14}.Release|Any CPU.Build.0 = Release|Any CPU
		{A89EBD6D-38BD-46E7-9A10-2056471C7221}.Debug|Any CPU.ActiveCfg = Debug|Any CPU
		{A89EBD6D-38BD-46E7-9A10-2056471C7221}.Debug|Any CPU.Build.0 = Debug|Any CPU
		{A89EBD6D-38BD-46E7-9A10-2056471C7221}.Release|Any CPU.ActiveCfg = Release|Any CPU
		{A89EBD6D-38BD-46E7-9A10-2056471C7221}.Release|Any CPU.Build.0 = Release|Any CPU
	EndGlobalSection
	GlobalSection(SolutionProperties) = preSolution
		HideSolutionNode = FALSE
	EndGlobalSection
	GlobalSection(ExtensibilityGlobals) = postSolution
		SolutionGuid = {0E2FACD4-710A-4CC6-AD8E-4CE60FF64077}
	EndGlobalSection
EndGlobal
